
Microsoft Visual Studio Solution File, Format Version 12.00
# Visual Studio Version 16
VisualStudioVersion = 25.0.1706.12
MinimumVisualStudioVersion = 10.0.40219.1
Project("{FAE04EC0-301F-11D3-BF4B-00C04F79EFBC}") = "ACTApp", "ACTApp\ACTApp.csproj", "{9C5D5B41-926C-4B8E-8A67-D4768704D4D5}"
EndProject
Global
	GlobalSection(SolutionConfigurationPlatforms) = preSolution
		Debug|Any CPU = Debug|Any CPU
		Release|Any CPU = Release|Any CPU
	EndGlobalSection
	GlobalSection(ProjectConfigurationPlatforms) = postSolution
		{9C5D5B41-926C-4B8E-8A67-D4768704D4D5}.Debug|Any CPU.ActiveCfg = Debug|Any CPU
		{9C5D5B41-926C-4B8E-8A67-D4768704D4D5}.Debug|Any CPU.Build.0 = Debug|Any CPU
		{9C5D5B41-926C-4B8E-8A67-D4768704D4D5}.Release|Any CPU.ActiveCfg = Release|Any CPU
		{9C5D5B41-926C-4B8E-8A67-D4768704D4D5}.Release|Any CPU.Build.0 = Release|Any CPU
	EndGlobalSection
	GlobalSection(SolutionProperties) = preSolution
		HideSolutionNode = FALSE
	EndGlobalSection
	GlobalSection(ExtensibilityGlobals) = postSolution
		SolutionGuid = {FC62C097-7950-40C9-9BDB-E990B066A59C}
	EndGlobalSection
EndGlobal
